{
  "name": "dgel",
  "version": "0.16.0",
  "lockfileVersion": 2,
  "requires": true,
  "packages": {
    "": {
      "name": "dgel",
      "version": "0.16.0",
      "funding": [
        {
          "type": "individual",
          "url": "https://paypal.me/dmnsgn"
        },
        {
          "type": "individual",
          "url": "https://commerce.coinbase.com/checkout/56cbdf28-e323-48d8-9c98-7019e72c97f3"
        }
      ],
      "license": "MIT",
      "dependencies": {
        "gl-matrix": "^3.4.3",
        "tslib": "^2.6.3"
      },
      "devDependencies": {
        "@types/gl-matrix": "^2.4.5",
        "@webgpu/glslang": "0.0.15",
        "@webgpu/types": "^0.1.43",
        "cameras": "^3.1.1",
        "canvas-record": "^5.0.1",
        "es-module-shims": "^1.10.0",
        "primitive-geometry": "^2.10.1",
        "seedrandom": "^3.0.5",
        "tweakpane": "^4.0.3",
        "typed-array-concat": "^3.0.0",
        "typed-array-interleave": "^2.0.0",
        "typescript": "^5.5.2"
      },
      "engines": {
        "node": ">=15.0.0",
        "npm": ">=7.0.0"
      }
    },
    "node_modules/@ffmpeg/core": {
      "version": "0.12.6",
      "resolved": "https://registry.npmjs.org/@ffmpeg/core/-/core-0.12.6.tgz",
      "integrity": "sha512-PrjWBTfGn2WVn9T7wGnzfFwChbqWeZc7tM9vvJZVRadYFUDakfzy7W0LpYC0cvvK0xT82qlBsk38lQhJ/Hps5A==",
      "dev": true,
      "license": "MIT",
      "optional": true,
      "engines": {
        "node": ">=16.x"
      }
    },
    "node_modules/@ffmpeg/core-mt": {
      "version": "0.12.6",
      "resolved": "https://registry.npmjs.org/@ffmpeg/core-mt/-/core-mt-0.12.6.tgz",
      "integrity": "sha512-f7wrOeUk24VFRi2Gfsp/mwwkK1hbDV0ajgm2fOU/oRi+IDullyzAYdHOagAWfpSZXcTPAGZ1Ild7HmBwr3k2tg==",
      "dev": true,
      "license": "MIT",
      "optional": true,
      "engines": {
        "node": ">=16.x"
      }
    },
    "node_modules/@ffmpeg/ffmpeg": {
      "version": "0.12.10",
      "resolved": "https://registry.npmjs.org/@ffmpeg/ffmpeg/-/ffmpeg-0.12.10.tgz",
      "integrity": "sha512-lVtk8PW8e+NUzGZhPTWj2P1J4/NyuCrbDD3O9IGpSeLYtUZKBqZO8CNj1WYGghep/MXoM8e1qVY1GztTkf8YYQ==",
      "dev": true,
      "license": "MIT",
      "dependencies": {
        "@ffmpeg/types": "^0.12.2"
      },
      "engines": {
        "node": ">=18.x"
      }
    },
    "node_modules/@ffmpeg/types": {
      "version": "0.12.2",
      "resolved": "https://registry.npmjs.org/@ffmpeg/types/-/types-0.12.2.tgz",
      "integrity": "sha512-NJtxwPoLb60/z1Klv0ueshguWQ/7mNm106qdHkB4HL49LXszjhjCCiL+ldHJGQ9ai2Igx0s4F24ghigy//ERdA==",
      "dev": true,
      "license": "MIT",
      "engines": {
        "node": ">=16.x"
      }
    },
    "node_modules/@ffmpeg/util": {
      "version": "0.12.1",
      "resolved": "https://registry.npmjs.org/@ffmpeg/util/-/util-0.12.1.tgz",
      "integrity": "sha512-10jjfAKWaDyb8+nAkijcsi9wgz/y26LOc1NKJradNMyCIl6usQcBbhkjX5qhALrSBcOy6TOeksunTYa+a03qNQ==",
      "dev": true,
      "license": "MIT",
      "engines": {
        "node": ">=18.x"
      }
    },
    "node_modules/@types/dom-webcodecs": {
      "version": "0.1.11",
      "resolved": "https://registry.npmjs.org/@types/dom-webcodecs/-/dom-webcodecs-0.1.11.tgz",
      "integrity": "sha512-yPEZ3z7EohrmOxbk/QTAa0yonMFkNkjnVXqbGb7D4rMr+F1dGQ8ZUFxXkyLLJuiICPejZ0AZE9Rrk9wUCczx4A==",
      "dev": true,
      "license": "MIT"
    },
    "node_modules/@types/gl-matrix": {
      "version": "2.4.5",
      "resolved": "https://registry.npmjs.org/@types/gl-matrix/-/gl-matrix-2.4.5.tgz",
      "integrity": "sha512-0L8Mq1+oaIW0oVzGUDbSW+HnTjCNb4CmoIQE5BkoHt/A7x20z0MJ1PnwfH3atty/vbWLGgvJwVu2Mz3SKFiEFw==",
      "dev": true
    },
    "node_modules/@types/wicg-file-system-access": {
      "version": "2020.9.8",
      "resolved": "https://registry.npmjs.org/@types/wicg-file-system-access/-/wicg-file-system-access-2020.9.8.tgz",
      "integrity": "sha512-ggMz8nOygG7d/stpH40WVaNvBwuyYLnrg5Mbyf6bmsj/8+gb6Ei4ZZ9/4PNpcPNTT8th9Q8sM8wYmWGjMWLX/A==",
      "dev": true,
      "license": "MIT"
    },
    "node_modules/@webgpu/glslang": {
      "version": "0.0.15",
      "resolved": "https://registry.npmjs.org/@webgpu/glslang/-/glslang-0.0.15.tgz",
      "integrity": "sha512-niT+Prh3Aff8Uf1MVBVUsaNjFj9rJAKDXuoHIKiQbB+6IUP/3J3JIhBNyZ7lDhytvXxw6ppgnwKZdDJ08UMj4Q==",
      "dev": true
    },
    "node_modules/@webgpu/types": {
      "version": "0.1.43",
      "resolved": "https://registry.npmjs.org/@webgpu/types/-/types-0.1.43.tgz",
      "integrity": "sha512-HoP+d+m+Kuq8CsE63BZ3+BYBKAemrqbHUNrCalxrUju5XW+q/094Q3oeIa+2pTraEbO8ckJmGpibzyGT4OV4YQ==",
      "dev": true,
      "license": "BSD-3-Clause"
    },
    "node_modules/cameras": {
      "version": "3.1.1",
      "resolved": "https://registry.npmjs.org/cameras/-/cameras-3.1.1.tgz",
      "integrity": "sha512-hm8z4IIMgz8ygz6PGVb9l+29qBuXHahzlw2CNsVKq8i09RnylhsrlLwoCZRuik3vbl0i1w2hJFfS0OBVh1WDNQ==",
      "dev": true,
      "funding": [
        {
          "type": "individual",
          "url": "https://paypal.me/dmnsgn"
        },
        {
          "type": "individual",
          "url": "https://commerce.coinbase.com/checkout/56cbdf28-e323-48d8-9c98-7019e72c97f3"
        }
      ],
      "dependencies": {
        "clamp": "^1.0.1",
        "gl-matrix": "^3.3.0",
        "normalize-wheel": "^1.0.1"
      },
      "engines": {
        "node": ">=15.0.0",
        "npm": ">=7.0.0"
      }
    },
    "node_modules/canvas-record": {
      "version": "5.0.1",
      "resolved": "https://registry.npmjs.org/canvas-record/-/canvas-record-5.0.1.tgz",
      "integrity": "sha512-82K46eWi2HnF2DMOCs78+6d8Fpps5bs9t15yz46t5cj3enmJLStAbVzbFb+Ei/j65hiRBQs1ehpabm26weuqBg==",
      "dev": true,
      "funding": [
        {
          "type": "individual",
          "url": "https://paypal.me/dmnsgn"
        },
        {
          "type": "individual",
          "url": "https://commerce.coinbase.com/checkout/56cbdf28-e323-48d8-9c98-7019e72c97f3"
        }
      ],
      "license": "MIT",
      "dependencies": {
        "@ffmpeg/ffmpeg": "^0.12.7",
        "@ffmpeg/util": "^0.12.1",
        "canvas-screenshot": "^4.1.0",
        "gifenc": "^1.0.3",
        "h264-mp4-encoder": "^1.0.12",
        "media-codecs": "^2.0.0",
        "mp4-muxer": "^3.0.0",
        "webm-muxer": "^3.1.3"
      },
      "engines": {
        "node": ">=18.0.0",
        "npm": ">=8.0.0"
      },
      "optionalDependencies": {
        "@ffmpeg/core": "^0.12.3",
        "@ffmpeg/core-mt": "^0.12.3"
      }
    },
    "node_modules/canvas-screenshot": {
      "version": "4.1.0",
      "resolved": "https://registry.npmjs.org/canvas-screenshot/-/canvas-screenshot-4.1.0.tgz",
      "integrity": "sha512-Ex5m3nljIQIa03hsu5i9uhf2L02v4zHueOmChcPWImU7rG5f7+7NZim0hd7vCd3I8FQZL7WZSXrZk5xHHIXLSA==",
      "dev": true,
      "funding": [
        {
          "type": "individual",
          "url": "https://paypal.me/dmnsgn"
        },
        {
          "type": "individual",
          "url": "https://commerce.coinbase.com/checkout/56cbdf28-e323-48d8-9c98-7019e72c97f3"
        }
      ],
      "dependencies": {
        "file-extension": "^4.0.5"
      },
      "engines": {
        "node": ">=15.0.0",
        "npm": ">=7.0.0"
      }
    },
    "node_modules/clamp": {
      "version": "1.0.1",
      "resolved": "https://registry.npmjs.org/clamp/-/clamp-1.0.1.tgz",
      "integrity": "sha1-ZqDmQBGBbjcZaCj9yMjBRzEshjQ=",
      "dev": true
    },
    "node_modules/es-module-shims": {
      "version": "1.10.0",
      "resolved": "https://registry.npmjs.org/es-module-shims/-/es-module-shims-1.10.0.tgz",
      "integrity": "sha512-3PmuShQBd9d8pulTFx6L7HKgncnZ1oeSSbrEfnUasb3Tv974BAvyFtW1HLPJSkh5fCaU9JNZbBzPdbxSwg2zqA==",
      "dev": true,
      "license": "MIT"
    },
    "node_modules/file-extension": {
      "version": "4.0.5",
      "resolved": "https://registry.npmjs.org/file-extension/-/file-extension-4.0.5.tgz",
      "integrity": "sha512-l0rOL3aKkoi6ea7MNZe6OHgqYYpn48Qfflr8Pe9G9JPPTx5A+sfboK91ZufzIs59/lPqh351l0eb6iKU9J5oGg==",
      "dev": true,
      "engines": {
        "node": ">=4"
      }
    },
    "node_modules/gifenc": {
      "version": "1.0.3",
      "resolved": "https://registry.npmjs.org/gifenc/-/gifenc-1.0.3.tgz",
      "integrity": "sha512-xdr6AdrfGBcfzncONUOlXMBuc5wJDtOueE3c5rdG0oNgtINLD+f2iFZltrBRZYzACRbKr+mSVU/x98zv2u3jmw==",
      "dev": true
    },
    "node_modules/gl-matrix": {
      "version": "3.4.3",
      "resolved": "https://registry.npmjs.org/gl-matrix/-/gl-matrix-3.4.3.tgz",
      "integrity": "sha512-wcCp8vu8FT22BnvKVPjXa/ICBWRq/zjFfdofZy1WSpQZpphblv12/bOQLBC1rMM7SGOFS9ltVmKOHil5+Ml7gA=="
    },
    "node_modules/h264-mp4-encoder": {
      "version": "1.0.12",
      "resolved": "https://registry.npmjs.org/h264-mp4-encoder/-/h264-mp4-encoder-1.0.12.tgz",
      "integrity": "sha512-xih3J+Go0o1RqGjhOt6TwXLWWGqLONRPyS8yoMu/RoS/S8WyEv4HuHp1KBsDDl8srZQ3gw9f95JYkCSjCuZbHQ==",
      "dev": true
    },
    "node_modules/media-codecs": {
      "version": "2.0.0",
      "resolved": "https://registry.npmjs.org/media-codecs/-/media-codecs-2.0.0.tgz",
      "integrity": "sha512-0dRnjeoS3/qagtTwuZDA6RyEazt8/fulq020ej05DB5ARnXJtfKR/Q/p9dSiId356c2bTAYzMFXFZNajF0Wbcg==",
      "dev": true,
      "funding": [
        {
          "type": "individual",
          "url": "https://paypal.me/dmnsgn"
        },
        {
          "type": "individual",
          "url": "https://commerce.coinbase.com/checkout/56cbdf28-e323-48d8-9c98-7019e72c97f3"
        }
      ],
      "engines": {
        "node": ">=18.0.0",
        "npm": ">=8.0.0"
      }
    },
    "node_modules/mp4-muxer": {
      "version": "3.0.5",
      "resolved": "https://registry.npmjs.org/mp4-muxer/-/mp4-muxer-3.0.5.tgz",
      "integrity": "sha512-CQBb6c14/Kv/h6etTOB/9phx5F4yshC7Mh5A/N+JVVMnESLdWdwIGEMUKk0ZrhzDWiQXLAag4MboYqBM7UxYVw==",
      "dev": true,
      "license": "MIT",
      "dependencies": {
        "@types/dom-webcodecs": "^0.1.6",
        "@types/wicg-file-system-access": "^2020.9.5"
      }
    },
    "node_modules/normalize-wheel": {
      "version": "1.0.1",
      "resolved": "https://registry.npmjs.org/normalize-wheel/-/normalize-wheel-1.0.1.tgz",
      "integrity": "sha1-rsiGr/2wRQcNhWRH32Ls+GFG7EU=",
      "dev": true
    },
    "node_modules/primitive-geometry": {
      "version": "2.10.1",
      "resolved": "https://registry.npmjs.org/primitive-geometry/-/primitive-geometry-2.10.1.tgz",
      "integrity": "sha512-nfWIrVugpis6O9f/itBAo0qS69/VBGyZtxyyCpjgWeOWshAUAkmr/hEl80AlSK4WFnaKhdratnKCxhaq8ImPUQ==",
      "dev": true,
      "funding": [
        {
          "type": "individual",
          "url": "https://paypal.me/dmnsgn"
        },
        {
          "type": "individual",
          "url": "https://commerce.coinbase.com/checkout/56cbdf28-e323-48d8-9c98-7019e72c97f3"
        }
      ],
      "license": "MIT",
      "engines": {
        "node": ">=15.0.0",
        "npm": ">=7.0.0"
      }
    },
    "node_modules/seedrandom": {
      "version": "3.0.5",
      "resolved": "https://registry.npmjs.org/seedrandom/-/seedrandom-3.0.5.tgz",
      "integrity": "sha512-8OwmbklUNzwezjGInmZ+2clQmExQPvomqjL7LFqOYqtmuxRgQYqOD3mHaU+MvZn5FLUeVxVfQjwLZW/n/JFuqg==",
      "dev": true
    },
    "node_modules/tslib": {
      "version": "2.6.3",
      "resolved": "https://registry.npmjs.org/tslib/-/tslib-2.6.3.tgz",
      "integrity": "sha512-xNvxJEOUiWPGhUuUdQgAJPKOOJfGnIyKySOc09XkKsgdUV/3E2zvwZYdejjmRgPCgcym1juLH3226yA7sEFJKQ==",
      "license": "0BSD"
    },
    "node_modules/tweakpane": {
      "version": "4.0.3",
      "resolved": "https://registry.npmjs.org/tweakpane/-/tweakpane-4.0.3.tgz",
      "integrity": "sha512-BlcWOAe8oe4c+k9pmLBARGdWB6MVZMszayekkixQXTgkxTaYoTUpHpwVEp+3HkoamZkomodpbBf0CkguIHTgLg==",
      "dev": true,
      "license": "MIT",
      "funding": {
        "url": "https://github.com/sponsors/cocopon"
      }
    },
    "node_modules/typed-array-concat": {
      "version": "3.0.0",
      "resolved": "https://registry.npmjs.org/typed-array-concat/-/typed-array-concat-3.0.0.tgz",
      "integrity": "sha512-IctbEtBzcCkWq9HDdTDigdnYFB4s6M+PfHJoyndoESYu0Ygxb1VLA3DNqnLOJ6heJev26fqICNlALuoWJH2GMw==",
      "dev": true,
      "funding": [
        {
          "type": "individual",
          "url": "https://paypal.me/dmnsgn"
        },
        {
          "type": "individual",
          "url": "https://commerce.coinbase.com/checkout/56cbdf28-e323-48d8-9c98-7019e72c97f3"
        }
      ],
      "license": "MIT",
      "engines": {
        "node": ">=15.0.0",
        "npm": ">=7.0.0"
      }
    },
    "node_modules/typed-array-interleave": {
      "version": "2.0.0",
      "resolved": "https://registry.npmjs.org/typed-array-interleave/-/typed-array-interleave-2.0.0.tgz",
      "integrity": "sha512-ZF4nd+YYO8yd+/k3AhOI1m3qqK+3cxb43sGD8UagkdXBxXVnjTglznp/aAP70lraJRgI5YjeV2I7iy2VnTgQ9w==",
      "dev": true,
      "funding": [
        {
          "type": "individual",
          "url": "https://paypal.me/dmnsgn"
        },
        {
          "type": "individual",
          "url": "https://commerce.coinbase.com/checkout/56cbdf28-e323-48d8-9c98-7019e72c97f3"
        }
      ],
      "license": "MIT",
      "engines": {
        "node": ">=15.0.0",
        "npm": ">=7.0.0"
      }
    },
    "node_modules/typescript": {
      "version": "5.5.2",
      "resolved": "https://registry.npmjs.org/typescript/-/typescript-5.5.2.tgz",
      "integrity": "sha512-NcRtPEOsPFFWjobJEtfihkLCZCXZt/os3zf8nTxjVH3RvTSxjrCamJpbExGvYOF+tFHc3pA65qpdwPbzjohhew==",
      "dev": true,
      "license": "Apache-2.0",
      "bin": {
        "tsc": "bin/tsc",
        "tsserver": "bin/tsserver"
      },
      "engines": {
        "node": ">=14.17"
      }
    },
    "node_modules/webm-muxer": {
      "version": "3.2.1",
      "resolved": "https://registry.npmjs.org/webm-muxer/-/webm-muxer-3.2.1.tgz",
      "integrity": "sha512-DMqlcZLNyFd5cVRkTfeKaeqnK0DXM+fvQQ8UwpUBxe+nfI9tb44bjbF4sGhkb8EDNgycGbIopAn9EhHXvPZI8g==",
      "dev": true,
      "license": "MIT",
      "dependencies": {
        "@types/dom-webcodecs": "^0.1.4",
        "@types/wicg-file-system-access": "^2020.9.5"
      }
    }
  },
  "dependencies": {
    "@ffmpeg/core": {
      "version": "0.12.6",
      "resolved": "https://registry.npmjs.org/@ffmpeg/core/-/core-0.12.6.tgz",
      "integrity": "sha512-PrjWBTfGn2WVn9T7wGnzfFwChbqWeZc7tM9vvJZVRadYFUDakfzy7W0LpYC0cvvK0xT82qlBsk38lQhJ/Hps5A==",
      "dev": true,
      "optional": true
    },
    "@ffmpeg/core-mt": {
      "version": "0.12.6",
      "resolved": "https://registry.npmjs.org/@ffmpeg/core-mt/-/core-mt-0.12.6.tgz",
      "integrity": "sha512-f7wrOeUk24VFRi2Gfsp/mwwkK1hbDV0ajgm2fOU/oRi+IDullyzAYdHOagAWfpSZXcTPAGZ1Ild7HmBwr3k2tg==",
      "dev": true,
      "optional": true
    },
    "@ffmpeg/ffmpeg": {
      "version": "0.12.10",
      "resolved": "https://registry.npmjs.org/@ffmpeg/ffmpeg/-/ffmpeg-0.12.10.tgz",
      "integrity": "sha512-lVtk8PW8e+NUzGZhPTWj2P1J4/NyuCrbDD3O9IGpSeLYtUZKBqZO8CNj1WYGghep/MXoM8e1qVY1GztTkf8YYQ==",
      "dev": true,
      "requires": {
        "@ffmpeg/types": "^0.12.2"
      }
    },
    "@ffmpeg/types": {
      "version": "0.12.2",
      "resolved": "https://registry.npmjs.org/@ffmpeg/types/-/types-0.12.2.tgz",
      "integrity": "sha512-NJtxwPoLb60/z1Klv0ueshguWQ/7mNm106qdHkB4HL49LXszjhjCCiL+ldHJGQ9ai2Igx0s4F24ghigy//ERdA==",
      "dev": true
    },
    "@ffmpeg/util": {
      "version": "0.12.1",
      "resolved": "https://registry.npmjs.org/@ffmpeg/util/-/util-0.12.1.tgz",
      "integrity": "sha512-10jjfAKWaDyb8+nAkijcsi9wgz/y26LOc1NKJradNMyCIl6usQcBbhkjX5qhALrSBcOy6TOeksunTYa+a03qNQ==",
      "dev": true
    },
    "@types/dom-webcodecs": {
      "version": "0.1.11",
      "resolved": "https://registry.npmjs.org/@types/dom-webcodecs/-/dom-webcodecs-0.1.11.tgz",
      "integrity": "sha512-yPEZ3z7EohrmOxbk/QTAa0yonMFkNkjnVXqbGb7D4rMr+F1dGQ8ZUFxXkyLLJuiICPejZ0AZE9Rrk9wUCczx4A==",
      "dev": true
    },
    "@types/gl-matrix": {
      "version": "2.4.5",
      "resolved": "https://registry.npmjs.org/@types/gl-matrix/-/gl-matrix-2.4.5.tgz",
      "integrity": "sha512-0L8Mq1+oaIW0oVzGUDbSW+HnTjCNb4CmoIQE5BkoHt/A7x20z0MJ1PnwfH3atty/vbWLGgvJwVu2Mz3SKFiEFw==",
      "dev": true
    },
    "@types/wicg-file-system-access": {
      "version": "2020.9.8",
      "resolved": "https://registry.npmjs.org/@types/wicg-file-system-access/-/wicg-file-system-access-2020.9.8.tgz",
      "integrity": "sha512-ggMz8nOygG7d/stpH40WVaNvBwuyYLnrg5Mbyf6bmsj/8+gb6Ei4ZZ9/4PNpcPNTT8th9Q8sM8wYmWGjMWLX/A==",
      "dev": true
    },
    "@webgpu/glslang": {
      "version": "0.0.15",
      "resolved": "https://registry.npmjs.org/@webgpu/glslang/-/glslang-0.0.15.tgz",
      "integrity": "sha512-niT+Prh3Aff8Uf1MVBVUsaNjFj9rJAKDXuoHIKiQbB+6IUP/3J3JIhBNyZ7lDhytvXxw6ppgnwKZdDJ08UMj4Q==",
      "dev": true
    },
    "@webgpu/types": {
      "version": "0.1.43",
      "resolved": "https://registry.npmjs.org/@webgpu/types/-/types-0.1.43.tgz",
      "integrity": "sha512-HoP+d+m+Kuq8CsE63BZ3+BYBKAemrqbHUNrCalxrUju5XW+q/094Q3oeIa+2pTraEbO8ckJmGpibzyGT4OV4YQ==",
      "dev": true
    },
    "cameras": {
      "version": "3.1.1",
      "resolved": "https://registry.npmjs.org/cameras/-/cameras-3.1.1.tgz",
      "integrity": "sha512-hm8z4IIMgz8ygz6PGVb9l+29qBuXHahzlw2CNsVKq8i09RnylhsrlLwoCZRuik3vbl0i1w2hJFfS0OBVh1WDNQ==",
      "dev": true,
      "requires": {
        "clamp": "^1.0.1",
        "gl-matrix": "^3.3.0",
        "normalize-wheel": "^1.0.1"
      }
    },
    "canvas-record": {
      "version": "5.0.1",
      "resolved": "https://registry.npmjs.org/canvas-record/-/canvas-record-5.0.1.tgz",
      "integrity": "sha512-82K46eWi2HnF2DMOCs78+6d8Fpps5bs9t15yz46t5cj3enmJLStAbVzbFb+Ei/j65hiRBQs1ehpabm26weuqBg==",
      "dev": true,
      "requires": {
        "@ffmpeg/core": "^0.12.3",
        "@ffmpeg/core-mt": "^0.12.3",
        "@ffmpeg/ffmpeg": "^0.12.7",
        "@ffmpeg/util": "^0.12.1",
        "canvas-screenshot": "^4.1.0",
        "gifenc": "^1.0.3",
        "h264-mp4-encoder": "^1.0.12",
        "media-codecs": "^2.0.0",
        "mp4-muxer": "^3.0.0",
        "webm-muxer": "^3.1.3"
      }
    },
    "canvas-screenshot": {
      "version": "4.1.0",
      "resolved": "https://registry.npmjs.org/canvas-screenshot/-/canvas-screenshot-4.1.0.tgz",
      "integrity": "sha512-Ex5m3nljIQIa03hsu5i9uhf2L02v4zHueOmChcPWImU7rG5f7+7NZim0hd7vCd3I8FQZL7WZSXrZk5xHHIXLSA==",
      "dev": true,
      "requires": {
        "file-extension": "^4.0.5"
      }
    },
    "clamp": {
      "version": "1.0.1",
      "resolved": "https://registry.npmjs.org/clamp/-/clamp-1.0.1.tgz",
      "integrity": "sha1-ZqDmQBGBbjcZaCj9yMjBRzEshjQ=",
      "dev": true
    },
    "es-module-shims": {
      "version": "1.10.0",
      "resolved": "https://registry.npmjs.org/es-module-shims/-/es-module-shims-1.10.0.tgz",
      "integrity": "sha512-3PmuShQBd9d8pulTFx6L7HKgncnZ1oeSSbrEfnUasb3Tv974BAvyFtW1HLPJSkh5fCaU9JNZbBzPdbxSwg2zqA==",
      "dev": true
    },
    "file-extension": {
      "version": "4.0.5",
      "resolved": "https://registry.npmjs.org/file-extension/-/file-extension-4.0.5.tgz",
      "integrity": "sha512-l0rOL3aKkoi6ea7MNZe6OHgqYYpn48Qfflr8Pe9G9JPPTx5A+sfboK91ZufzIs59/lPqh351l0eb6iKU9J5oGg==",
      "dev": true
    },
    "gifenc": {
      "version": "1.0.3",
      "resolved": "https://registry.npmjs.org/gifenc/-/gifenc-1.0.3.tgz",
      "integrity": "sha512-xdr6AdrfGBcfzncONUOlXMBuc5wJDtOueE3c5rdG0oNgtINLD+f2iFZltrBRZYzACRbKr+mSVU/x98zv2u3jmw==",
      "dev": true
    },
    "gl-matrix": {
      "version": "3.4.3",
      "resolved": "https://registry.npmjs.org/gl-matrix/-/gl-matrix-3.4.3.tgz",
      "integrity": "sha512-wcCp8vu8FT22BnvKVPjXa/ICBWRq/zjFfdofZy1WSpQZpphblv12/bOQLBC1rMM7SGOFS9ltVmKOHil5+Ml7gA=="
    },
    "h264-mp4-encoder": {
      "version": "1.0.12",
      "resolved": "https://registry.npmjs.org/h264-mp4-encoder/-/h264-mp4-encoder-1.0.12.tgz",
      "integrity": "sha512-xih3J+Go0o1RqGjhOt6TwXLWWGqLONRPyS8yoMu/RoS/S8WyEv4HuHp1KBsDDl8srZQ3gw9f95JYkCSjCuZbHQ==",
      "dev": true
    },
    "media-codecs": {
      "version": "2.0.0",
      "resolved": "https://registry.npmjs.org/media-codecs/-/media-codecs-2.0.0.tgz",
      "integrity": "sha512-0dRnjeoS3/qagtTwuZDA6RyEazt8/fulq020ej05DB5ARnXJtfKR/Q/p9dSiId356c2bTAYzMFXFZNajF0Wbcg==",
      "dev": true
    },
    "mp4-muxer": {
      "version": "3.0.5",
      "resolved": "https://registry.npmjs.org/mp4-muxer/-/mp4-muxer-3.0.5.tgz",
      "integrity": "sha512-CQBb6c14/Kv/h6etTOB/9phx5F4yshC7Mh5A/N+JVVMnESLdWdwIGEMUKk0ZrhzDWiQXLAag4MboYqBM7UxYVw==",
      "dev": true,
      "requires": {
        "@types/dom-webcodecs": "^0.1.6",
        "@types/wicg-file-system-access": "^2020.9.5"
      }
    },
    "normalize-wheel": {
      "version": "1.0.1",
      "resolved": "https://registry.npmjs.org/normalize-wheel/-/normalize-wheel-1.0.1.tgz",
      "integrity": "sha1-rsiGr/2wRQcNhWRH32Ls+GFG7EU=",
      "dev": true
    },
    "primitive-geometry": {
      "version": "2.10.1",
      "resolved": "https://registry.npmjs.org/primitive-geometry/-/primitive-geometry-2.10.1.tgz",
      "integrity": "sha512-nfWIrVugpis6O9f/itBAo0qS69/VBGyZtxyyCpjgWeOWshAUAkmr/hEl80AlSK4WFnaKhdratnKCxhaq8ImPUQ==",
      "dev": true
    },
    "seedrandom": {
      "version": "3.0.5",
      "resolved": "https://registry.npmjs.org/seedrandom/-/seedrandom-3.0.5.tgz",
      "integrity": "sha512-8OwmbklUNzwezjGInmZ+2clQmExQPvomqjL7LFqOYqtmuxRgQYqOD3mHaU+MvZn5FLUeVxVfQjwLZW/n/JFuqg==",
      "dev": true
    },
    "tslib": {
      "version": "2.6.3",
      "resolved": "https://registry.npmjs.org/tslib/-/tslib-2.6.3.tgz",
      "integrity": "sha512-xNvxJEOUiWPGhUuUdQgAJPKOOJfGnIyKySOc09XkKsgdUV/3E2zvwZYdejjmRgPCgcym1juLH3226yA7sEFJKQ=="
    },
    "tweakpane": {
      "version": "4.0.3",
      "resolved": "https://registry.npmjs.org/tweakpane/-/tweakpane-4.0.3.tgz",
      "integrity": "sha512-BlcWOAe8oe4c+k9pmLBARGdWB6MVZMszayekkixQXTgkxTaYoTUpHpwVEp+3HkoamZkomodpbBf0CkguIHTgLg==",
      "dev": true
    },
    "typed-array-concat": {
      "version": "3.0.0",
      "resolved": "https://registry.npmjs.org/typed-array-concat/-/typed-array-concat-3.0.0.tgz",
      "integrity": "sha512-IctbEtBzcCkWq9HDdTDigdnYFB4s6M+PfHJoyndoESYu0Ygxb1VLA3DNqnLOJ6heJev26fqICNlALuoWJH2GMw==",
      "dev": true
    },
    "typed-array-interleave": {
      "version": "2.0.0",
      "resolved": "https://registry.npmjs.org/typed-array-interleave/-/typed-array-interleave-2.0.0.tgz",
      "integrity": "sha512-ZF4nd+YYO8yd+/k3AhOI1m3qqK+3cxb43sGD8UagkdXBxXVnjTglznp/aAP70lraJRgI5YjeV2I7iy2VnTgQ9w==",
      "dev": true
    },
    "typescript": {
      "version": "5.5.2",
      "resolved": "https://registry.npmjs.org/typescript/-/typescript-5.5.2.tgz",
      "integrity": "sha512-NcRtPEOsPFFWjobJEtfihkLCZCXZt/os3zf8nTxjVH3RvTSxjrCamJpbExGvYOF+tFHc3pA65qpdwPbzjohhew==",
      "dev": true
    },
    "webm-muxer": {
      "version": "3.2.1",
      "resolved": "https://registry.npmjs.org/webm-muxer/-/webm-muxer-3.2.1.tgz",
      "integrity": "sha512-DMqlcZLNyFd5cVRkTfeKaeqnK0DXM+fvQQ8UwpUBxe+nfI9tb44bjbF4sGhkb8EDNgycGbIopAn9EhHXvPZI8g==",
      "dev": true,
      "requires": {
        "@types/dom-webcodecs": "^0.1.4",
        "@types/wicg-file-system-access": "^2020.9.5"
      }
    }
  }
}
