{
  "name": "dgel",
  "version": "0.8.0",
  "lockfileVersion": 2,
  "requires": true,
  "packages": {
    "": {
      "name": "dgel",
      "version": "0.8.0",
      "funding": [
        {
          "type": "individual",
          "url": "https://paypal.me/dmnsgn"
        },
        {
          "type": "individual",
          "url": "https://commerce.coinbase.com/checkout/56cbdf28-e323-48d8-9c98-7019e72c97f3"
        }
      ],
      "license": "MIT",
      "dependencies": {
        "gl-matrix": "^3.4.3",
        "tslib": "^2.3.1"
      },
      "devDependencies": {
        "@types/gl-matrix": "^2.4.5",
        "@webgpu/glslang": "0.0.15",
        "@webgpu/types": "0.1.7",
        "cameras": "^3.1.0",
        "concat-typed-array": "^2.1.0",
        "core-js": "^3.19.0",
        "es-module-shims": "^1.3.0",
        "interleave-typed-array": "^1.1.0",
        "prettier": "^2.4.1",
        "primitive-geometry": "^2.2.0",
        "seedrandom": "^3.0.5",
        "tweakpane": "^3.0.5",
        "typescript": "^4.4.4"
      },
      "engines": {
        "node": ">=15.0.0",
        "npm": ">=7.0.0"
      }
    },
    "node_modules/@types/gl-matrix": {
      "version": "2.4.5",
      "resolved": "https://registry.npmjs.org/@types/gl-matrix/-/gl-matrix-2.4.5.tgz",
      "integrity": "sha512-0L8Mq1+oaIW0oVzGUDbSW+HnTjCNb4CmoIQE5BkoHt/A7x20z0MJ1PnwfH3atty/vbWLGgvJwVu2Mz3SKFiEFw==",
      "dev": true
    },
    "node_modules/@webgpu/glslang": {
      "version": "0.0.15",
      "resolved": "https://registry.npmjs.org/@webgpu/glslang/-/glslang-0.0.15.tgz",
      "integrity": "sha512-niT+Prh3Aff8Uf1MVBVUsaNjFj9rJAKDXuoHIKiQbB+6IUP/3J3JIhBNyZ7lDhytvXxw6ppgnwKZdDJ08UMj4Q==",
      "dev": true
    },
    "node_modules/@webgpu/types": {
      "version": "0.1.7",
      "resolved": "https://registry.npmjs.org/@webgpu/types/-/types-0.1.7.tgz",
      "integrity": "sha512-KOcGuwHPFHHXlXRS9HQSIpUwp9IgocqfMflEnOO8Hhykwk+UlYCxyUwbAN0VgQSpF0slrLcjtz0IRBeuAW1hsw==",
      "dev": true
    },
    "node_modules/cameras": {
      "version": "3.1.0",
      "resolved": "https://registry.npmjs.org/cameras/-/cameras-3.1.0.tgz",
      "integrity": "sha512-zRpBi3UG/zo5PpNSOnLo1b2KXNDpCw/l1NzSFqzkGvBGASHq8mSFFKTaIe9dCVeG/xXQLVXkvEvI7Z5sNKlbIA==",
      "dev": true,
      "funding": [
        {
          "type": "individual",
          "url": "https://paypal.me/dmnsgn"
        },
        {
          "type": "individual",
          "url": "https://commerce.coinbase.com/checkout/56cbdf28-e323-48d8-9c98-7019e72c97f3"
        }
      ],
      "dependencies": {
        "clamp": "^1.0.1",
        "gl-matrix": "^3.3.0",
        "normalize-wheel": "^1.0.1"
      },
      "engines": {
        "node": ">=15.0.0",
        "npm": ">=7.0.0"
      }
    },
    "node_modules/clamp": {
      "version": "1.0.1",
      "resolved": "https://registry.npmjs.org/clamp/-/clamp-1.0.1.tgz",
      "integrity": "sha1-ZqDmQBGBbjcZaCj9yMjBRzEshjQ=",
      "dev": true
    },
    "node_modules/concat-typed-array": {
      "version": "2.1.0",
      "resolved": "https://registry.npmjs.org/concat-typed-array/-/concat-typed-array-2.1.0.tgz",
      "integrity": "sha512-JnQo9gCrN2wlqqDksAWvpg4GLj7O9N81U6crXX2IdmGvx1PVvPoEbgTry4XbHkvKTtTmyIIb6zgXOcJ/q7kMrw==",
      "dev": true,
      "funding": [
        {
          "type": "individual",
          "url": "https://paypal.me/dmnsgn"
        },
        {
          "type": "individual",
          "url": "https://commerce.coinbase.com/checkout/56cbdf28-e323-48d8-9c98-7019e72c97f3"
        }
      ],
      "engines": {
        "node": ">=15.0.0",
        "npm": ">=7.0.0"
      }
    },
    "node_modules/core-js": {
      "version": "3.19.3",
      "resolved": "https://registry.npmjs.org/core-js/-/core-js-3.19.3.tgz",
      "integrity": "sha512-LeLBMgEGSsG7giquSzvgBrTS7V5UL6ks3eQlUSbN8dJStlLFiRzUm5iqsRyzUB8carhfKjkJ2vzKqE6z1Vga9g==",
      "dev": true,
      "hasInstallScript": true,
      "funding": {
        "type": "opencollective",
        "url": "https://opencollective.com/core-js"
      }
    },
    "node_modules/es-module-shims": {
      "version": "1.3.0",
      "resolved": "https://registry.npmjs.org/es-module-shims/-/es-module-shims-1.3.0.tgz",
      "integrity": "sha512-Sxf2sAwlTRujxrdMOz2FA+2iD8fgWuyB56M2UMRd4L22PHfjKr/Ro3WMFfgWFshDWKnCR7RKfUHJ/A38t2aPnA==",
      "dev": true
    },
    "node_modules/gl-matrix": {
      "version": "3.4.3",
      "resolved": "https://registry.npmjs.org/gl-matrix/-/gl-matrix-3.4.3.tgz",
      "integrity": "sha512-wcCp8vu8FT22BnvKVPjXa/ICBWRq/zjFfdofZy1WSpQZpphblv12/bOQLBC1rMM7SGOFS9ltVmKOHil5+Ml7gA=="
    },
    "node_modules/interleave-typed-array": {
      "version": "1.1.0",
      "resolved": "https://registry.npmjs.org/interleave-typed-array/-/interleave-typed-array-1.1.0.tgz",
      "integrity": "sha512-BXMFM6BVJMib2wYpqXDs4kJazLwz+4KB+Ags0iOLeRLYxuPX0k1YFjHPu/3ePySfCS07M1BeVE2CBPMtwDWP6g==",
      "dev": true,
      "funding": [
        {
          "type": "individual",
          "url": "https://paypal.me/dmnsgn"
        },
        {
          "type": "individual",
          "url": "https://commerce.coinbase.com/checkout/56cbdf28-e323-48d8-9c98-7019e72c97f3"
        }
      ],
      "engines": {
        "node": ">=15.0.0",
        "npm": ">=7.0.0"
      }
    },
    "node_modules/normalize-wheel": {
      "version": "1.0.1",
      "resolved": "https://registry.npmjs.org/normalize-wheel/-/normalize-wheel-1.0.1.tgz",
      "integrity": "sha1-rsiGr/2wRQcNhWRH32Ls+GFG7EU=",
      "dev": true
    },
    "node_modules/prettier": {
      "version": "2.4.1",
      "resolved": "https://registry.npmjs.org/prettier/-/prettier-2.4.1.tgz",
      "integrity": "sha512-9fbDAXSBcc6Bs1mZrDYb3XKzDLm4EXXL9sC1LqKP5rZkT6KRr/rf9amVUcODVXgguK/isJz0d0hP72WeaKWsvA==",
      "dev": true,
      "bin": {
        "prettier": "bin-prettier.js"
      },
      "engines": {
        "node": ">=10.13.0"
      }
    },
    "node_modules/primitive-geometry": {
      "version": "2.2.0",
      "resolved": "https://registry.npmjs.org/primitive-geometry/-/primitive-geometry-2.2.0.tgz",
      "integrity": "sha512-uglVB8Ea+0TC9j93REqeunOBx9FN+ij+8ZUyGMjKZ92W0dxcBMdh0pqVu2Zil0ET84V0ECotCQM2JrLoZYVZyg==",
      "dev": true,
      "funding": [
        {
          "type": "individual",
          "url": "https://paypal.me/dmnsgn"
        },
        {
          "type": "individual",
          "url": "https://commerce.coinbase.com/checkout/56cbdf28-e323-48d8-9c98-7019e72c97f3"
        }
      ],
      "engines": {
        "node": ">=15.0.0",
        "npm": ">=7.0.0"
      }
    },
    "node_modules/seedrandom": {
      "version": "3.0.5",
      "resolved": "https://registry.npmjs.org/seedrandom/-/seedrandom-3.0.5.tgz",
      "integrity": "sha512-8OwmbklUNzwezjGInmZ+2clQmExQPvomqjL7LFqOYqtmuxRgQYqOD3mHaU+MvZn5FLUeVxVfQjwLZW/n/JFuqg==",
      "dev": true
    },
    "node_modules/tslib": {
      "version": "2.3.1",
      "resolved": "https://registry.npmjs.org/tslib/-/tslib-2.3.1.tgz",
      "integrity": "sha512-77EbyPPpMz+FRFRuAFlWMtmgUWGe9UOG2Z25NqCwiIjRhOf5iKGuzSe5P2w1laq+FkRy4p+PCuVkJSGkzTEKVw=="
    },
    "node_modules/tweakpane": {
      "version": "3.0.5",
      "resolved": "https://registry.npmjs.org/tweakpane/-/tweakpane-3.0.5.tgz",
      "integrity": "sha512-HivFjOs510RbZSNgxv4x5LVFsHFN1ryfgpOp3n6wrgg1jLxbdlA/UTIbTLi/DYH7g76rGQqW/+IRmHPfjIujpQ==",
      "dev": true
    },
    "node_modules/typescript": {
      "version": "4.4.4",
      "resolved": "https://registry.npmjs.org/typescript/-/typescript-4.4.4.tgz",
      "integrity": "sha512-DqGhF5IKoBl8WNf8C1gu8q0xZSInh9j1kJJMqT3a94w1JzVaBU4EXOSMrz9yDqMT0xt3selp83fuFMQ0uzv6qA==",
      "dev": true,
      "bin": {
        "tsc": "bin/tsc",
        "tsserver": "bin/tsserver"
      },
      "engines": {
        "node": ">=4.2.0"
      }
    }
  },
  "dependencies": {
    "@types/gl-matrix": {
      "version": "2.4.5",
      "resolved": "https://registry.npmjs.org/@types/gl-matrix/-/gl-matrix-2.4.5.tgz",
      "integrity": "sha512-0L8Mq1+oaIW0oVzGUDbSW+HnTjCNb4CmoIQE5BkoHt/A7x20z0MJ1PnwfH3atty/vbWLGgvJwVu2Mz3SKFiEFw==",
      "dev": true
    },
    "@webgpu/glslang": {
      "version": "0.0.15",
      "resolved": "https://registry.npmjs.org/@webgpu/glslang/-/glslang-0.0.15.tgz",
      "integrity": "sha512-niT+Prh3Aff8Uf1MVBVUsaNjFj9rJAKDXuoHIKiQbB+6IUP/3J3JIhBNyZ7lDhytvXxw6ppgnwKZdDJ08UMj4Q==",
      "dev": true
    },
    "@webgpu/types": {
      "version": "0.1.7",
      "resolved": "https://registry.npmjs.org/@webgpu/types/-/types-0.1.7.tgz",
      "integrity": "sha512-KOcGuwHPFHHXlXRS9HQSIpUwp9IgocqfMflEnOO8Hhykwk+UlYCxyUwbAN0VgQSpF0slrLcjtz0IRBeuAW1hsw==",
      "dev": true
    },
    "cameras": {
      "version": "3.1.0",
      "resolved": "https://registry.npmjs.org/cameras/-/cameras-3.1.0.tgz",
      "integrity": "sha512-zRpBi3UG/zo5PpNSOnLo1b2KXNDpCw/l1NzSFqzkGvBGASHq8mSFFKTaIe9dCVeG/xXQLVXkvEvI7Z5sNKlbIA==",
      "dev": true,
      "requires": {
        "clamp": "^1.0.1",
        "gl-matrix": "^3.3.0",
        "normalize-wheel": "^1.0.1"
      }
    },
    "clamp": {
      "version": "1.0.1",
      "resolved": "https://registry.npmjs.org/clamp/-/clamp-1.0.1.tgz",
      "integrity": "sha1-ZqDmQBGBbjcZaCj9yMjBRzEshjQ=",
      "dev": true
    },
    "concat-typed-array": {
      "version": "2.1.0",
      "resolved": "https://registry.npmjs.org/concat-typed-array/-/concat-typed-array-2.1.0.tgz",
      "integrity": "sha512-JnQo9gCrN2wlqqDksAWvpg4GLj7O9N81U6crXX2IdmGvx1PVvPoEbgTry4XbHkvKTtTmyIIb6zgXOcJ/q7kMrw==",
      "dev": true
    },
    "core-js": {
      "version": "3.19.3",
      "resolved": "https://registry.npmjs.org/core-js/-/core-js-3.19.3.tgz",
      "integrity": "sha512-LeLBMgEGSsG7giquSzvgBrTS7V5UL6ks3eQlUSbN8dJStlLFiRzUm5iqsRyzUB8carhfKjkJ2vzKqE6z1Vga9g==",
      "dev": true
    },
    "es-module-shims": {
      "version": "1.3.0",
      "resolved": "https://registry.npmjs.org/es-module-shims/-/es-module-shims-1.3.0.tgz",
      "integrity": "sha512-Sxf2sAwlTRujxrdMOz2FA+2iD8fgWuyB56M2UMRd4L22PHfjKr/Ro3WMFfgWFshDWKnCR7RKfUHJ/A38t2aPnA==",
      "dev": true
    },
    "gl-matrix": {
      "version": "3.4.3",
      "resolved": "https://registry.npmjs.org/gl-matrix/-/gl-matrix-3.4.3.tgz",
      "integrity": "sha512-wcCp8vu8FT22BnvKVPjXa/ICBWRq/zjFfdofZy1WSpQZpphblv12/bOQLBC1rMM7SGOFS9ltVmKOHil5+Ml7gA=="
    },
    "interleave-typed-array": {
      "version": "1.1.0",
      "resolved": "https://registry.npmjs.org/interleave-typed-array/-/interleave-typed-array-1.1.0.tgz",
      "integrity": "sha512-BXMFM6BVJMib2wYpqXDs4kJazLwz+4KB+Ags0iOLeRLYxuPX0k1YFjHPu/3ePySfCS07M1BeVE2CBPMtwDWP6g==",
      "dev": true
    },
    "normalize-wheel": {
      "version": "1.0.1",
      "resolved": "https://registry.npmjs.org/normalize-wheel/-/normalize-wheel-1.0.1.tgz",
      "integrity": "sha1-rsiGr/2wRQcNhWRH32Ls+GFG7EU=",
      "dev": true
    },
    "prettier": {
      "version": "2.4.1",
      "resolved": "https://registry.npmjs.org/prettier/-/prettier-2.4.1.tgz",
      "integrity": "sha512-9fbDAXSBcc6Bs1mZrDYb3XKzDLm4EXXL9sC1LqKP5rZkT6KRr/rf9amVUcODVXgguK/isJz0d0hP72WeaKWsvA==",
      "dev": true
    },
    "primitive-geometry": {
      "version": "2.2.0",
      "resolved": "https://registry.npmjs.org/primitive-geometry/-/primitive-geometry-2.2.0.tgz",
      "integrity": "sha512-uglVB8Ea+0TC9j93REqeunOBx9FN+ij+8ZUyGMjKZ92W0dxcBMdh0pqVu2Zil0ET84V0ECotCQM2JrLoZYVZyg==",
      "dev": true
    },
    "seedrandom": {
      "version": "3.0.5",
      "resolved": "https://registry.npmjs.org/seedrandom/-/seedrandom-3.0.5.tgz",
      "integrity": "sha512-8OwmbklUNzwezjGInmZ+2clQmExQPvomqjL7LFqOYqtmuxRgQYqOD3mHaU+MvZn5FLUeVxVfQjwLZW/n/JFuqg==",
      "dev": true
    },
    "tslib": {
      "version": "2.3.1",
      "resolved": "https://registry.npmjs.org/tslib/-/tslib-2.3.1.tgz",
      "integrity": "sha512-77EbyPPpMz+FRFRuAFlWMtmgUWGe9UOG2Z25NqCwiIjRhOf5iKGuzSe5P2w1laq+FkRy4p+PCuVkJSGkzTEKVw=="
    },
    "tweakpane": {
      "version": "3.0.5",
      "resolved": "https://registry.npmjs.org/tweakpane/-/tweakpane-3.0.5.tgz",
      "integrity": "sha512-HivFjOs510RbZSNgxv4x5LVFsHFN1ryfgpOp3n6wrgg1jLxbdlA/UTIbTLi/DYH7g76rGQqW/+IRmHPfjIujpQ==",
      "dev": true
    },
    "typescript": {
      "version": "4.4.4",
      "resolved": "https://registry.npmjs.org/typescript/-/typescript-4.4.4.tgz",
      "integrity": "sha512-DqGhF5IKoBl8WNf8C1gu8q0xZSInh9j1kJJMqT3a94w1JzVaBU4EXOSMrz9yDqMT0xt3selp83fuFMQ0uzv6qA==",
      "dev": true
    }
  }
}
