{
  "name": "dgel",
  "version": "0.4.1",
  "lockfileVersion": 2,
  "requires": true,
  "packages": {
    "": {
      "version": "0.4.1",
      "funding": [
        {
          "type": "individual",
          "url": "https://paypal.me/dmnsgn"
        },
        {
          "type": "individual",
          "url": "https://commerce.coinbase.com/checkout/56cbdf28-e323-48d8-9c98-7019e72c97f3"
        }
      ],
      "license": "MIT",
      "dependencies": {
        "gl-matrix": "^3.3.0",
        "tslib": "^2.3.0"
      },
      "devDependencies": {
        "@types/gl-matrix": "^2.4.5",
        "@webgpu/glslang": "0.0.15",
        "@webgpu/types": "0.1.4",
        "cameras": "^3.0.3",
        "concat-typed-array": "^2.0.0",
        "core-js": "^3.15.1",
        "es-module-shims": "^0.11.1",
        "interleave-typed-array": "^1.0.0",
        "prettier": "^2.3.2",
        "primitive-geometry": "^2.0.1",
        "seedrandom": "^3.0.5",
        "typescript": "^4.3.4"
      },
      "engines": {
        "node": ">=15.0.0",
        "npm": ">=7.0.0"
      }
    },
    "node_modules/@types/gl-matrix": {
      "version": "2.4.5",
      "resolved": "https://registry.npmjs.org/@types/gl-matrix/-/gl-matrix-2.4.5.tgz",
      "integrity": "sha512-0L8Mq1+oaIW0oVzGUDbSW+HnTjCNb4CmoIQE5BkoHt/A7x20z0MJ1PnwfH3atty/vbWLGgvJwVu2Mz3SKFiEFw==",
      "dev": true
    },
    "node_modules/@webgpu/glslang": {
      "version": "0.0.15",
      "resolved": "https://registry.npmjs.org/@webgpu/glslang/-/glslang-0.0.15.tgz",
      "integrity": "sha512-niT+Prh3Aff8Uf1MVBVUsaNjFj9rJAKDXuoHIKiQbB+6IUP/3J3JIhBNyZ7lDhytvXxw6ppgnwKZdDJ08UMj4Q==",
      "dev": true
    },
    "node_modules/@webgpu/types": {
      "version": "0.1.4",
      "resolved": "https://registry.npmjs.org/@webgpu/types/-/types-0.1.4.tgz",
      "integrity": "sha512-nR0L4xBKUSksLKdFVxcshBL2M9ofAWneYYmK5/5iQJukY4q8a9hcXJwvH7QKQemiK3jxXuCMPkDzFCu/1+5Xvg==",
      "dev": true
    },
    "node_modules/cameras": {
      "version": "3.0.3",
      "resolved": "https://registry.npmjs.org/cameras/-/cameras-3.0.3.tgz",
      "integrity": "sha512-WRo8pOWLhGP76eINPMuTPUFsMb8DZqE8bRlRantvwW2NZWfMLfO0VsMU+O7wDGpdUGO9MnUwczCHyvNnfwcykw==",
      "dev": true,
      "funding": [
        {
          "type": "individual",
          "url": "https://paypal.me/dmnsgn"
        },
        {
          "type": "individual",
          "url": "https://commerce.coinbase.com/checkout/56cbdf28-e323-48d8-9c98-7019e72c97f3"
        }
      ],
      "dependencies": {
        "clamp": "^1.0.1",
        "gl-matrix": "^3.3.0",
        "normalize-wheel": "^1.0.1"
      },
      "engines": {
        "node": ">=15.0.0",
        "npm": ">=7.0.0"
      }
    },
    "node_modules/clamp": {
      "version": "1.0.1",
      "resolved": "https://registry.npmjs.org/clamp/-/clamp-1.0.1.tgz",
      "integrity": "sha1-ZqDmQBGBbjcZaCj9yMjBRzEshjQ=",
      "dev": true
    },
    "node_modules/concat-typed-array": {
      "version": "2.0.0",
      "resolved": "https://registry.npmjs.org/concat-typed-array/-/concat-typed-array-2.0.0.tgz",
      "integrity": "sha512-6les3941nFUYqm144rrfkauHWtjLx4MyLKTNDNRl0y06X3c1AWwlsulsWukh5sXIIvFU5ulWMVTCCAAFWbgr1Q==",
      "dev": true,
      "funding": [
        {
          "type": "individual",
          "url": "https://paypal.me/dmnsgn"
        },
        {
          "type": "individual",
          "url": "https://commerce.coinbase.com/checkout/56cbdf28-e323-48d8-9c98-7019e72c97f3"
        }
      ],
      "engines": {
        "node": ">=15.0.0",
        "npm": ">=7.0.0"
      }
    },
    "node_modules/core-js": {
      "version": "3.15.1",
      "resolved": "https://registry.npmjs.org/core-js/-/core-js-3.15.1.tgz",
      "integrity": "sha512-h8VbZYnc9pDzueiS2610IULDkpFFPunHwIpl8yRwFahAEEdSpHlTy3h3z3rKq5h11CaUdBEeRViu9AYvbxiMeg==",
      "dev": true,
      "hasInstallScript": true,
      "funding": {
        "type": "opencollective",
        "url": "https://opencollective.com/core-js"
      }
    },
    "node_modules/es-module-shims": {
      "version": "0.11.1",
      "resolved": "https://registry.npmjs.org/es-module-shims/-/es-module-shims-0.11.1.tgz",
      "integrity": "sha512-vaFERaLeHl55y1d7XwottW6pTjMzA+G7vyUPbIoDo8jhFbc2g639zBtrck6c/Z1vBBQJA+GQMoUf6g7eaZJcCA==",
      "dev": true
    },
    "node_modules/gl-matrix": {
      "version": "3.3.0",
      "resolved": "https://registry.npmjs.org/gl-matrix/-/gl-matrix-3.3.0.tgz",
      "integrity": "sha512-COb7LDz+SXaHtl/h4LeaFcNdJdAQSDeVqjiIihSXNrkWObZLhDI4hIkZC11Aeqp7bcE72clzB0BnDXr2SmslRA=="
    },
    "node_modules/interleave-typed-array": {
      "version": "1.0.0",
      "resolved": "https://registry.npmjs.org/interleave-typed-array/-/interleave-typed-array-1.0.0.tgz",
      "integrity": "sha512-9jQR3LIXdAF6Ror7q/D3MJRQDxBPJItnoEtjIXq6BixNw+/nL8Psy5dkpeAs4FyHC6aF31VukNNuFhpa3v+cow==",
      "dev": true,
      "funding": [
        {
          "type": "individual",
          "url": "https://paypal.me/dmnsgn"
        },
        {
          "type": "individual",
          "url": "https://commerce.coinbase.com/checkout/56cbdf28-e323-48d8-9c98-7019e72c97f3"
        }
      ],
      "engines": {
        "node": ">=15.0.0",
        "npm": ">=7.0.0"
      }
    },
    "node_modules/normalize-wheel": {
      "version": "1.0.1",
      "resolved": "https://registry.npmjs.org/normalize-wheel/-/normalize-wheel-1.0.1.tgz",
      "integrity": "sha1-rsiGr/2wRQcNhWRH32Ls+GFG7EU=",
      "dev": true
    },
    "node_modules/prettier": {
      "version": "2.3.2",
      "resolved": "https://registry.npmjs.org/prettier/-/prettier-2.3.2.tgz",
      "integrity": "sha512-lnJzDfJ66zkMy58OL5/NY5zp70S7Nz6KqcKkXYzn2tMVrNxvbqaBpg7H3qHaLxCJ5lNMsGuM8+ohS7cZrthdLQ==",
      "dev": true,
      "bin": {
        "prettier": "bin-prettier.js"
      },
      "engines": {
        "node": ">=10.13.0"
      }
    },
    "node_modules/primitive-geometry": {
      "version": "2.0.1",
      "resolved": "https://registry.npmjs.org/primitive-geometry/-/primitive-geometry-2.0.1.tgz",
      "integrity": "sha512-mIQxoDN0HnLv+o4tfi4WrK5vLMAlcgymG4wgTmjkcRCR2txYa3uzarWTbzASMruNsJhmBGgI9tnj6I8byRF+wA==",
      "dev": true,
      "funding": [
        {
          "type": "individual",
          "url": "https://paypal.me/dmnsgn"
        },
        {
          "type": "individual",
          "url": "https://commerce.coinbase.com/checkout/56cbdf28-e323-48d8-9c98-7019e72c97f3"
        }
      ],
      "license": "MIT",
      "engines": {
        "node": ">=15.0.0",
        "npm": ">=7.0.0"
      }
    },
    "node_modules/seedrandom": {
      "version": "3.0.5",
      "resolved": "https://registry.npmjs.org/seedrandom/-/seedrandom-3.0.5.tgz",
      "integrity": "sha512-8OwmbklUNzwezjGInmZ+2clQmExQPvomqjL7LFqOYqtmuxRgQYqOD3mHaU+MvZn5FLUeVxVfQjwLZW/n/JFuqg==",
      "dev": true
    },
    "node_modules/tslib": {
      "version": "2.3.0",
      "resolved": "https://registry.npmjs.org/tslib/-/tslib-2.3.0.tgz",
      "integrity": "sha512-N82ooyxVNm6h1riLCoyS9e3fuJ3AMG2zIZs2Gd1ATcSFjSA23Q0fzjjZeh0jbJvWVDZ0cJT8yaNNaaXHzueNjg=="
    },
    "node_modules/typescript": {
      "version": "4.3.4",
      "resolved": "https://registry.npmjs.org/typescript/-/typescript-4.3.4.tgz",
      "integrity": "sha512-uauPG7XZn9F/mo+7MrsRjyvbxFpzemRjKEZXS4AK83oP2KKOJPvb+9cO/gmnv8arWZvhnjVOXz7B49m1l0e9Ew==",
      "dev": true,
      "bin": {
        "tsc": "bin/tsc",
        "tsserver": "bin/tsserver"
      },
      "engines": {
        "node": ">=4.2.0"
      }
    }
  },
  "dependencies": {
    "@types/gl-matrix": {
      "version": "2.4.5",
      "resolved": "https://registry.npmjs.org/@types/gl-matrix/-/gl-matrix-2.4.5.tgz",
      "integrity": "sha512-0L8Mq1+oaIW0oVzGUDbSW+HnTjCNb4CmoIQE5BkoHt/A7x20z0MJ1PnwfH3atty/vbWLGgvJwVu2Mz3SKFiEFw==",
      "dev": true
    },
    "@webgpu/glslang": {
      "version": "0.0.15",
      "resolved": "https://registry.npmjs.org/@webgpu/glslang/-/glslang-0.0.15.tgz",
      "integrity": "sha512-niT+Prh3Aff8Uf1MVBVUsaNjFj9rJAKDXuoHIKiQbB+6IUP/3J3JIhBNyZ7lDhytvXxw6ppgnwKZdDJ08UMj4Q==",
      "dev": true
    },
    "@webgpu/types": {
      "version": "0.1.4",
      "resolved": "https://registry.npmjs.org/@webgpu/types/-/types-0.1.4.tgz",
      "integrity": "sha512-nR0L4xBKUSksLKdFVxcshBL2M9ofAWneYYmK5/5iQJukY4q8a9hcXJwvH7QKQemiK3jxXuCMPkDzFCu/1+5Xvg==",
      "dev": true
    },
    "cameras": {
      "version": "3.0.3",
      "resolved": "https://registry.npmjs.org/cameras/-/cameras-3.0.3.tgz",
      "integrity": "sha512-WRo8pOWLhGP76eINPMuTPUFsMb8DZqE8bRlRantvwW2NZWfMLfO0VsMU+O7wDGpdUGO9MnUwczCHyvNnfwcykw==",
      "dev": true,
      "requires": {
        "clamp": "^1.0.1",
        "gl-matrix": "^3.3.0",
        "normalize-wheel": "^1.0.1"
      }
    },
    "clamp": {
      "version": "1.0.1",
      "resolved": "https://registry.npmjs.org/clamp/-/clamp-1.0.1.tgz",
      "integrity": "sha1-ZqDmQBGBbjcZaCj9yMjBRzEshjQ=",
      "dev": true
    },
    "concat-typed-array": {
      "version": "2.0.0",
      "resolved": "https://registry.npmjs.org/concat-typed-array/-/concat-typed-array-2.0.0.tgz",
      "integrity": "sha512-6les3941nFUYqm144rrfkauHWtjLx4MyLKTNDNRl0y06X3c1AWwlsulsWukh5sXIIvFU5ulWMVTCCAAFWbgr1Q==",
      "dev": true
    },
    "core-js": {
      "version": "3.15.1",
      "resolved": "https://registry.npmjs.org/core-js/-/core-js-3.15.1.tgz",
      "integrity": "sha512-h8VbZYnc9pDzueiS2610IULDkpFFPunHwIpl8yRwFahAEEdSpHlTy3h3z3rKq5h11CaUdBEeRViu9AYvbxiMeg==",
      "dev": true
    },
    "es-module-shims": {
      "version": "0.11.1",
      "resolved": "https://registry.npmjs.org/es-module-shims/-/es-module-shims-0.11.1.tgz",
      "integrity": "sha512-vaFERaLeHl55y1d7XwottW6pTjMzA+G7vyUPbIoDo8jhFbc2g639zBtrck6c/Z1vBBQJA+GQMoUf6g7eaZJcCA==",
      "dev": true
    },
    "gl-matrix": {
      "version": "3.3.0",
      "resolved": "https://registry.npmjs.org/gl-matrix/-/gl-matrix-3.3.0.tgz",
      "integrity": "sha512-COb7LDz+SXaHtl/h4LeaFcNdJdAQSDeVqjiIihSXNrkWObZLhDI4hIkZC11Aeqp7bcE72clzB0BnDXr2SmslRA=="
    },
    "interleave-typed-array": {
      "version": "1.0.0",
      "resolved": "https://registry.npmjs.org/interleave-typed-array/-/interleave-typed-array-1.0.0.tgz",
      "integrity": "sha512-9jQR3LIXdAF6Ror7q/D3MJRQDxBPJItnoEtjIXq6BixNw+/nL8Psy5dkpeAs4FyHC6aF31VukNNuFhpa3v+cow==",
      "dev": true
    },
    "normalize-wheel": {
      "version": "1.0.1",
      "resolved": "https://registry.npmjs.org/normalize-wheel/-/normalize-wheel-1.0.1.tgz",
      "integrity": "sha1-rsiGr/2wRQcNhWRH32Ls+GFG7EU=",
      "dev": true
    },
    "prettier": {
      "version": "2.3.2",
      "resolved": "https://registry.npmjs.org/prettier/-/prettier-2.3.2.tgz",
      "integrity": "sha512-lnJzDfJ66zkMy58OL5/NY5zp70S7Nz6KqcKkXYzn2tMVrNxvbqaBpg7H3qHaLxCJ5lNMsGuM8+ohS7cZrthdLQ==",
      "dev": true
    },
    "primitive-geometry": {
      "version": "2.0.1",
      "resolved": "https://registry.npmjs.org/primitive-geometry/-/primitive-geometry-2.0.1.tgz",
      "integrity": "sha512-mIQxoDN0HnLv+o4tfi4WrK5vLMAlcgymG4wgTmjkcRCR2txYa3uzarWTbzASMruNsJhmBGgI9tnj6I8byRF+wA==",
      "dev": true
    },
    "seedrandom": {
      "version": "3.0.5",
      "resolved": "https://registry.npmjs.org/seedrandom/-/seedrandom-3.0.5.tgz",
      "integrity": "sha512-8OwmbklUNzwezjGInmZ+2clQmExQPvomqjL7LFqOYqtmuxRgQYqOD3mHaU+MvZn5FLUeVxVfQjwLZW/n/JFuqg==",
      "dev": true
    },
    "tslib": {
      "version": "2.3.0",
      "resolved": "https://registry.npmjs.org/tslib/-/tslib-2.3.0.tgz",
      "integrity": "sha512-N82ooyxVNm6h1riLCoyS9e3fuJ3AMG2zIZs2Gd1ATcSFjSA23Q0fzjjZeh0jbJvWVDZ0cJT8yaNNaaXHzueNjg=="
    },
    "typescript": {
      "version": "4.3.4",
      "resolved": "https://registry.npmjs.org/typescript/-/typescript-4.3.4.tgz",
      "integrity": "sha512-uauPG7XZn9F/mo+7MrsRjyvbxFpzemRjKEZXS4AK83oP2KKOJPvb+9cO/gmnv8arWZvhnjVOXz7B49m1l0e9Ew==",
      "dev": true
    }
  }
}
